
Microsoft Visual Studio Solution File, Format Version 12.00
# Visual Studio Version 17
VisualStudioVersion = 17.3.32825.248
MinimumVisualStudioVersion = 10.0.40219.1
Project("{FAE04EC0-301F-11D3-BF4B-00C04F79EFBC}") = "kacparamvar", "kacparamvar\kacparamvar.csproj", "{225558A2-FBCB-4E5A-9C06-A821A900534B}"
EndProject
Global
	GlobalSection(SolutionConfigurationPlatforms) = preSolution
		Debug|Any CPU = Debug|Any CPU
		Release|Any CPU = Release|Any CPU
	EndGlobalSection
	GlobalSection(ProjectConfigurationPlatforms) = postSolution
		{225558A2-FBCB-4E5A-9C06-A821A900534B}.Debug|Any CPU.ActiveCfg = Debug|Any CPU
		{225558A2-FBCB-4E5A-9C06-A821A900534B}.Debug|Any CPU.Build.0 = Debug|Any CPU
		{225558A2-FBCB-4E5A-9C06-A821A900534B}.Release|Any CPU.ActiveCfg = Release|Any CPU
		{225558A2-FBCB-4E5A-9C06-A821A900534B}.Release|Any CPU.Build.0 = Release|Any CPU
	EndGlobalSection
	GlobalSection(SolutionProperties) = preSolution
		HideSolutionNode = FALSE
	EndGlobalSection
	GlobalSection(ExtensibilityGlobals) = postSolution
		SolutionGuid = {7FAB6696-82D7-4810-A02C-596DED016D49}
	EndGlobalSection
EndGlobal
